
Microsoft Visual Studio Solution File, Format Version 12.00
# Visual Studio Version 17
VisualStudioVersion = 17.6.33717.318
MinimumVisualStudioVersion = 10.0.40219.1
Project("{FAE04EC0-301F-11D3-BF4B-00C04F79EFBC}") = "JavaEnvironmentVariablesManager", "JavaEnvironmentVariablesManager\JavaEnvironmentVariablesManager.csproj", "{3AFC5D39-20BF-445E-8660-B6E49E8FDF1F}"
EndProject
Global
	GlobalSection(SolutionConfigurationPlatforms) = preSolution
		Debug|Any CPU = Debug|Any CPU
		Release|Any CPU = Release|Any CPU
	EndGlobalSection
	GlobalSection(ProjectConfigurationPlatforms) = postSolution
		{3AFC5D39-20BF-445E-8660-B6E49E8FDF1F}.Debug|Any CPU.ActiveCfg = Debug|Any CPU
		{3AFC5D39-20BF-445E-8660-B6E49E8FDF1F}.Debug|Any CPU.Build.0 = Debug|Any CPU
		{3AFC5D39-20BF-445E-8660-B6E49E8FDF1F}.Release|Any CPU.ActiveCfg = Release|Any CPU
		{3AFC5D39-20BF-445E-8660-B6E49E8FDF1F}.Release|Any CPU.Build.0 = Release|Any CPU
	EndGlobalSection
	GlobalSection(SolutionProperties) = preSolution
		HideSolutionNode = FALSE
	EndGlobalSection
	GlobalSection(ExtensibilityGlobals) = postSolution
		SolutionGuid = {A8C8DB42-6BC8-4DC8-9509-5192C86F7CAF}
	EndGlobalSection
EndGlobal
